Microsoft Visual Studio Solution File, Format Version 12.00
# Visual Studio Version 17
VisualStudioVersion = 17.13.35931.197
MinimumVisualStudioVersion = 10.0.40219.1
Project("{FAE04EC0-301F-11D3-BF4B-00C04F79EFBC}") = "Type Conversions", "Type Conversions\Type Conversions.csproj", "{ABDC3575-FEE7-4B21-BBDA-132F38A48FD0}"
EndProject
Global
	GlobalSection(SolutionConfigurationPlatforms) = preSolution
		Debug|Any CPU = Debug|Any CPU
		Release|Any CPU = Release|Any CPU
	EndGlobalSection
	GlobalSection(ProjectConfigurationPlatforms) = postSolution
		{ABDC3575-FEE7-4B21-BBDA-132F38A48FD0}.Debug|Any CPU.ActiveCfg = Debug|Any CPU
		{ABDC3575-FEE7-4B21-BBDA-132F38A48FD0}.Debug|Any CPU.Build.0 = Debug|Any CPU
		{ABDC3575-FEE7-4B21-BBDA-132F38A48FD0}.Release|Any CPU.ActiveCfg = Release|Any CPU
		{ABDC3575-FEE7-4B21-BBDA-132F38A48FD0}.Release|Any CPU.Build.0 = Release|Any CPU
	EndGlobalSection
	GlobalSection(SolutionProperties) = preSolution
		HideSolutionNode = FALSE
	EndGlobalSection
	GlobalSection(ExtensibilityGlobals) = postSolution
		SolutionGuid = {64277D40-C585-4028-AF92-EA168A74348E}
	EndGlobalSection
EndGlobal
